
Microsoft Visual Studio Solution File, Format Version 12.00
# Visual Studio 15
VisualStudioVersion = 15.0.26403.7
MinimumVisualStudioVersion = 10.0.40219.1
Project("{FAE04EC0-301F-11D3-BF4B-00C04F79EFBC}") = "EFRepository", "EFRepository.csproj", "{BC2ABA24-DF2C-4BE5-9B90-664A5C8B0572}"
EndProject
Project("{FAE04EC0-301F-11D3-BF4B-00C04F79EFBC}") = "UnitTests", "..\UnitTests\UnitTests.csproj", "{0C6142A2-DC38-4E93-95D3-1B2C78F7FA2A}"
EndProject
Project("{FAE04EC0-301F-11D3-BF4B-00C04F79EFBC}") = "EFRepositoryCore", "..\EFRepositoryCore\EFRepositoryCore.csproj", "{6C42DC49-A54C-4FFC-80CE-A64551337D3F}"
EndProject
Global
	GlobalSection(SolutionConfigurationPlatforms) = preSolution
		Debug|Any CPU = Debug|Any CPU
		Release|Any CPU = Release|Any CPU
	EndGlobalSection
	GlobalSection(ProjectConfigurationPlatforms) = postSolution
		{BC2ABA24-DF2C-4BE5-9B90-664A5C8B0572}.Debug|Any CPU.ActiveCfg = Debug|Any CPU
		{BC2ABA24-DF2C-4BE5-9B90-664A5C8B0572}.Debug|Any CPU.Build.0 = Debug|Any CPU
		{BC2ABA24-DF2C-4BE5-9B90-664A5C8B0572}.Release|Any CPU.ActiveCfg = Release|Any CPU
		{BC2ABA24-DF2C-4BE5-9B90-664A5C8B0572}.Release|Any CPU.Build.0 = Release|Any CPU
		{0C6142A2-DC38-4E93-95D3-1B2C78F7FA2A}.Debug|Any CPU.ActiveCfg = Debug|Any CPU
		{0C6142A2-DC38-4E93-95D3-1B2C78F7FA2A}.Debug|Any CPU.Build.0 = Debug|Any CPU
		{0C6142A2-DC38-4E93-95D3-1B2C78F7FA2A}.Release|Any CPU.ActiveCfg = Release|Any CPU
		{0C6142A2-DC38-4E93-95D3-1B2C78F7FA2A}.Release|Any CPU.Build.0 = Release|Any CPU
		{6C42DC49-A54C-4FFC-80CE-A64551337D3F}.Debug|Any CPU.ActiveCfg = Debug|Any CPU
		{6C42DC49-A54C-4FFC-80CE-A64551337D3F}.Debug|Any CPU.Build.0 = Debug|Any CPU
		{6C42DC49-A54C-4FFC-80CE-A64551337D3F}.Release|Any CPU.ActiveCfg = Release|Any CPU
		{6C42DC49-A54C-4FFC-80CE-A64551337D3F}.Release|Any CPU.Build.0 = Release|Any CPU
	EndGlobalSection
	GlobalSection(SolutionProperties) = preSolution
		HideSolutionNode = FALSE
	EndGlobalSection
EndGlobal
