
Microsoft Visual Studio Solution File, Format Version 12.00
# Visual Studio Version 17
VisualStudioVersion = 17.0.31912.275
MinimumVisualStudioVersion = 10.0.40219.1
Project("{9A19103F-16F7-4668-BE54-9A1E7A4F7556}") = "EFRepository.Generator", "EFRepository.Generator\EFRepository.Generator.csproj", "{C8968136-BD14-4CE0-B603-46375C1316C8}"
EndProject
Project("{2150E333-8FDC-42A3-9474-1A3956D46DE8}") = "Generator", "Generator", "{9D3C7B8A-ABCA-470F-BE2B-8755A86D71F0}"
EndProject
Project("{9A19103F-16F7-4668-BE54-9A1E7A4F7556}") = "EFRepository.Generator.IntegrationTests", "EFRepository.Generator.IntegrationTests\EFRepository.Generator.IntegrationTests.csproj", "{FD1A33DE-FDA2-491D-A66F-9A247D810DA0}"
EndProject
Project("{9A19103F-16F7-4668-BE54-9A1E7A4F7556}") = "EFRepository.Generator.Tests", "EFRepository.Generator.Tests\EFRepository.Generator.Tests.csproj", "{C6A4D0BC-6D44-47FA-BE67-496FE156F783}"
EndProject
Project("{9A19103F-16F7-4668-BE54-9A1E7A4F7556}") = "EFRepository", "EFRepository\EFRepository.csproj", "{5B80FD35-149B-4DA0-A4AE-51E47E38F9E6}"
EndProject
Project("{2150E333-8FDC-42A3-9474-1A3956D46DE8}") = "Solution Files", "Solution Files", "{DDA38264-799F-4E75-8E30-41BCAB9B9878}"
	ProjectSection(SolutionItems) = preProject
		..\FutureGoals.md = ..\FutureGoals.md
		..\README.md = ..\README.md
	EndProjectSection
EndProject
Project("{9A19103F-16F7-4668-BE54-9A1E7A4F7556}") = "UnitTestsCore", "UnitTestsCore\UnitTestsCore.csproj", "{71B3CA71-E549-41B0-91C0-E71DA3FA2F6C}"
EndProject
Global
	GlobalSection(SolutionConfigurationPlatforms) = preSolution
		Debug|Any CPU = Debug|Any CPU
		Release|Any CPU = Release|Any CPU
	EndGlobalSection
	GlobalSection(ProjectConfigurationPlatforms) = postSolution
		{C8968136-BD14-4CE0-B603-46375C1316C8}.Debug|Any CPU.ActiveCfg = Debug|Any CPU
		{C8968136-BD14-4CE0-B603-46375C1316C8}.Debug|Any CPU.Build.0 = Debug|Any CPU
		{C8968136-BD14-4CE0-B603-46375C1316C8}.Release|Any CPU.ActiveCfg = Release|Any CPU
		{C8968136-BD14-4CE0-B603-46375C1316C8}.Release|Any CPU.Build.0 = Release|Any CPU
		{FD1A33DE-FDA2-491D-A66F-9A247D810DA0}.Debug|Any CPU.ActiveCfg = Debug|Any CPU
		{FD1A33DE-FDA2-491D-A66F-9A247D810DA0}.Debug|Any CPU.Build.0 = Debug|Any CPU
		{FD1A33DE-FDA2-491D-A66F-9A247D810DA0}.Release|Any CPU.ActiveCfg = Release|Any CPU
		{FD1A33DE-FDA2-491D-A66F-9A247D810DA0}.Release|Any CPU.Build.0 = Release|Any CPU
		{C6A4D0BC-6D44-47FA-BE67-496FE156F783}.Debug|Any CPU.ActiveCfg = Debug|Any CPU
		{C6A4D0BC-6D44-47FA-BE67-496FE156F783}.Debug|Any CPU.Build.0 = Debug|Any CPU
		{C6A4D0BC-6D44-47FA-BE67-496FE156F783}.Release|Any CPU.ActiveCfg = Release|Any CPU
		{C6A4D0BC-6D44-47FA-BE67-496FE156F783}.Release|Any CPU.Build.0 = Release|Any CPU
		{5B80FD35-149B-4DA0-A4AE-51E47E38F9E6}.Debug|Any CPU.ActiveCfg = Debug|Any CPU
		{5B80FD35-149B-4DA0-A4AE-51E47E38F9E6}.Debug|Any CPU.Build.0 = Debug|Any CPU
		{5B80FD35-149B-4DA0-A4AE-51E47E38F9E6}.Release|Any CPU.ActiveCfg = Release|Any CPU
		{5B80FD35-149B-4DA0-A4AE-51E47E38F9E6}.Release|Any CPU.Build.0 = Release|Any CPU
		{71B3CA71-E549-41B0-91C0-E71DA3FA2F6C}.Debug|Any CPU.ActiveCfg = Debug|Any CPU
		{71B3CA71-E549-41B0-91C0-E71DA3FA2F6C}.Debug|Any CPU.Build.0 = Debug|Any CPU
		{71B3CA71-E549-41B0-91C0-E71DA3FA2F6C}.Release|Any CPU.ActiveCfg = Release|Any CPU
		{71B3CA71-E549-41B0-91C0-E71DA3FA2F6C}.Release|Any CPU.Build.0 = Release|Any CPU
	EndGlobalSection
	GlobalSection(SolutionProperties) = preSolution
		HideSolutionNode = FALSE
	EndGlobalSection
	GlobalSection(NestedProjects) = preSolution
		{C8968136-BD14-4CE0-B603-46375C1316C8} = {9D3C7B8A-ABCA-470F-BE2B-8755A86D71F0}
		{FD1A33DE-FDA2-491D-A66F-9A247D810DA0} = {9D3C7B8A-ABCA-470F-BE2B-8755A86D71F0}
		{C6A4D0BC-6D44-47FA-BE67-496FE156F783} = {9D3C7B8A-ABCA-470F-BE2B-8755A86D71F0}
	EndGlobalSection
	GlobalSection(ExtensibilityGlobals) = postSolution
		SolutionGuid = {30540B78-91A1-49D9-81FA-D1FEB032E049}
	EndGlobalSection
EndGlobal
